// !$*UTF8*$!
{
	archiveVersion = 1;
	classes = {
	};
	objectVersion = 50;
	objects = {

/* Begin PBXBuildFile section */
		544F02F72440E26A00E6D776 /* LCSfast.cpp in Sources */ = {isa = PBXBuildFile; fileRef = 544F02F52440E26A00E6D776 /* LCSfast.cpp */; };
		544F02FA244120F000E6D776 /* dp12.cpp in Sources */ = {isa = PBXBuildFile; fileRef = 544F02F8244120F000E6D776 /* dp12.cpp */; };
		544F02FD24413F9600E6D776 /* Graph.cpp in Sources */ = {isa = PBXBuildFile; fileRef = 544F02FB24413F9600E6D776 /* Graph.cpp */; };
		544F0303244207B800E6D776 /* RBLtree.cpp in Sources */ = {isa = PBXBuildFile; fileRef = 544F0301244207B800E6D776 /* RBLtree.cpp */; };
		5481128E243EDA03000B036C /* main.cpp in Sources */ = {isa = PBXBuildFile; fileRef = 5481128D243EDA03000B036C /* main.cpp */; };
		54811296243EEA89000B036C /* pathInGrid.cpp in Sources */ = {isa = PBXBuildFile; fileRef = 54811294243EEA89000B036C /* pathInGrid.cpp */; };
		54811299243F6AFE000B036C /* knapsack.cpp in Sources */ = {isa = PBXBuildFile; fileRef = 54811297243F6AFE000B036C /* knapsack.cpp */; };
		5481129C243F6C39000B036C /* longestincreasingsequence.cpp in Sources */ = {isa = PBXBuildFile; fileRef = 5481129A243F6C39000B036C /* longestincreasingsequence.cpp */; };
		5481129F243F6EF9000B036C /* LevenshteinDistance.cpp in Sources */ = {isa = PBXBuildFile; fileRef = 5481129D243F6EF9000B036C /* LevenshteinDistance.cpp */; };
/* End PBXBuildFile section */

/* Begin PBXCopyFilesBuildPhase section */
		54811288243EDA03000B036C /* CopyFiles */ = {
			isa = PBXCopyFilesBuildPhase;
			buildActionMask = 2147483647;
			dstPath = /usr/share/man/man1/;
			dstSubfolderSpec = 0;
			files = (
			);
			runOnlyForDeploymentPostprocessing = 1;
		};
/* End PBXCopyFilesBuildPhase section */

/* Begin PBXFileReference section */
		544F02F52440E26A00E6D776 /* LCSfast.cpp */ = {isa = PBXFileReference; lastKnownFileType = sourcecode.cpp.cpp; path = LCSfast.cpp; sourceTree = "<group>"; };
		544F02F62440E26A00E6D776 /* LCSfast.hpp */ = {isa = PBXFileReference; lastKnownFileType = sourcecode.cpp.h; path = LCSfast.hpp; sourceTree = "<group>"; };
		544F02F8244120F000E6D776 /* dp12.cpp */ = {isa = PBXFileReference; lastKnownFileType = sourcecode.cpp.cpp; path = dp12.cpp; sourceTree = "<group>"; };
		544F02F9244120F000E6D776 /* dp12.hpp */ = {isa = PBXFileReference; lastKnownFileType = sourcecode.cpp.h; path = dp12.hpp; sourceTree = "<group>"; };
		544F02FB24413F9600E6D776 /* Graph.cpp */ = {isa = PBXFileReference; lastKnownFileType = sourcecode.cpp.cpp; path = Graph.cpp; sourceTree = "<group>"; };
		544F02FC24413F9600E6D776 /* Graph.hpp */ = {isa = PBXFileReference; lastKnownFileType = sourcecode.cpp.h; path = Graph.hpp; sourceTree = "<group>"; };
		544F0301244207B800E6D776 /* RBLtree.cpp */ = {isa = PBXFileReference; lastKnownFileType = sourcecode.cpp.cpp; path = RBLtree.cpp; sourceTree = "<group>"; };
		544F0302244207B800E6D776 /* RBLtree.hpp */ = {isa = PBXFileReference; lastKnownFileType = sourcecode.cpp.h; path = RBLtree.hpp; sourceTree = "<group>"; };
		5481128A243EDA03000B036C /* CompetitiveProgramming */ = {isa = PBXFileReference; explicitFileType = "compiled.mach-o.executable"; includeInIndex = 0; path = CompetitiveProgramming; sourceTree = BUILT_PRODUCTS_DIR; };
		5481128D243EDA03000B036C /* main.cpp */ = {isa = PBXFileReference; lastKnownFileType = sourcecode.cpp.cpp; path = main.cpp; sourceTree = "<group>"; };
		54811294243EEA89000B036C /* pathInGrid.cpp */ = {isa = PBXFileReference; lastKnownFileType = sourcecode.cpp.cpp; path = pathInGrid.cpp; sourceTree = "<group>"; };
		54811295243EEA89000B036C /* pathInGrid.hpp */ = {isa = PBXFileReference; lastKnownFileType = sourcecode.cpp.h; path = pathInGrid.hpp; sourceTree = "<group>"; };
		54811297243F6AFE000B036C /* knapsack.cpp */ = {isa = PBXFileReference; lastKnownFileType = sourcecode.cpp.cpp; path = knapsack.cpp; sourceTree = "<group>"; };
		54811298243F6AFE000B036C /* knapsack.hpp */ = {isa = PBXFileReference; lastKnownFileType = sourcecode.cpp.h; path = knapsack.hpp; sourceTree = "<group>"; };
		5481129A243F6C39000B036C /* longestincreasingsequence.cpp */ = {isa = PBXFileReference; lastKnownFileType = sourcecode.cpp.cpp; path = longestincreasingsequence.cpp; sourceTree = "<group>"; };
		5481129B243F6C39000B036C /* longestincreasingsequence.hpp */ = {isa = PBXFileReference; lastKnownFileType = sourcecode.cpp.h; path = longestincreasingsequence.hpp; sourceTree = "<group>"; };
		5481129D243F6EF9000B036C /* LevenshteinDistance.cpp */ = {isa = PBXFileReference; lastKnownFileType = sourcecode.cpp.cpp; path = LevenshteinDistance.cpp; sourceTree = "<group>"; };
		5481129E243F6EF9000B036C /* LevenshteinDistance.hpp */ = {isa = PBXFileReference; lastKnownFileType = sourcecode.cpp.h; path = LevenshteinDistance.hpp; sourceTree = "<group>"; };
/* End PBXFileReference section */

/* Begin PBXFrameworksBuildPhase section */
		54811287243EDA03000B036C /* Frameworks */ = {
			isa = PBXFrameworksBuildPhase;
			buildActionMask = 2147483647;
			files = (
			);
			runOnlyForDeploymentPostprocessing = 0;
		};
/* End PBXFrameworksBuildPhase section */

/* Begin PBXGroup section */
		54811281243EDA03000B036C = {
			isa = PBXGroup;
			children = (
				5481128C243EDA03000B036C /* CompetitiveProgramming */,
				5481128B243EDA03000B036C /* Products */,
			);
			sourceTree = "<group>";
		};
		5481128B243EDA03000B036C /* Products */ = {
			isa = PBXGroup;
			children = (
				5481128A243EDA03000B036C /* CompetitiveProgramming */,
			);
			name = Products;
			sourceTree = "<group>";
		};
		5481128C243EDA03000B036C /* CompetitiveProgramming */ = {
			isa = PBXGroup;
			children = (
				5481128D243EDA03000B036C /* main.cpp */,
				54811294243EEA89000B036C /* pathInGrid.cpp */,
				54811295243EEA89000B036C /* pathInGrid.hpp */,
				54811297243F6AFE000B036C /* knapsack.cpp */,
				54811298243F6AFE000B036C /* knapsack.hpp */,
				5481129A243F6C39000B036C /* longestincreasingsequence.cpp */,
				5481129B243F6C39000B036C /* longestincreasingsequence.hpp */,
				5481129D243F6EF9000B036C /* LevenshteinDistance.cpp */,
				5481129E243F6EF9000B036C /* LevenshteinDistance.hpp */,
				544F02F52440E26A00E6D776 /* LCSfast.cpp */,
				544F02F62440E26A00E6D776 /* LCSfast.hpp */,
				544F02F8244120F000E6D776 /* dp12.cpp */,
				544F02F9244120F000E6D776 /* dp12.hpp */,
				544F02FB24413F9600E6D776 /* Graph.cpp */,
				544F02FC24413F9600E6D776 /* Graph.hpp */,
				544F0301244207B800E6D776 /* RBLtree.cpp */,
				544F0302244207B800E6D776 /* RBLtree.hpp */,
			);
			path = CompetitiveProgramming;
			sourceTree = "<group>";
		};
/* End PBXGroup section */

/* Begin PBXNativeTarget section */
		54811289243EDA03000B036C /* CompetitiveProgramming */ = {
			isa = PBXNativeTarget;
			buildConfigurationList = 54811291243EDA03000B036C /* Build configuration list for PBXNativeTarget "CompetitiveProgramming" */;
			buildPhases = (
				54811286243EDA03000B036C /* Sources */,
				54811287243EDA03000B036C /* Frameworks */,
				54811288243EDA03000B036C /* CopyFiles */,
			);
			buildRules = (
			);
			dependencies = (
			);
			name = CompetitiveProgramming;
			productName = CompetitiveProgramming;
			productReference = 5481128A243EDA03000B036C /* CompetitiveProgramming */;
			productType = "com.apple.product-type.tool";
		};
/* End PBXNativeTarget section */

/* Begin PBXProject section */
		54811282243EDA03000B036C /* Project object */ = {
			isa = PBXProject;
			attributes = {
				LastUpgradeCheck = 1140;
				ORGANIZATIONNAME = "Ashutosh Pandey";
				TargetAttributes = {
					54811289243EDA03000B036C = {
						CreatedOnToolsVersion = 11.4;
					};
				};
			};
			buildConfigurationList = 54811285243EDA03000B036C /* Build configuration list for PBXProject "CompetitiveProgramming" */;
			compatibilityVersion = "Xcode 9.3";
			developmentRegion = en;
			hasScannedForEncodings = 0;
			knownRegions = (
				en,
				Base,
			);
			mainGroup = 54811281243EDA03000B036C;
			productRefGroup = 5481128B243EDA03000B036C /* Products */;
			projectDirPath = "";
			projectRoot = "";
			targets = (
				54811289243EDA03000B036C /* CompetitiveProgramming */,
			);
		};
/* End PBXProject section */

/* Begin PBXSourcesBuildPhase section */
		54811286243EDA03000B036C /* Sources */ = {
			isa = PBXSourcesBuildPhase;
			buildActionMask = 2147483647;
			files = (
				5481129F243F6EF9000B036C /* LevenshteinDistance.cpp in Sources */,
				5481128E243EDA03000B036C /* main.cpp in Sources */,
				544F02F72440E26A00E6D776 /* LCSfast.cpp in Sources */,
				54811296243EEA89000B036C /* pathInGrid.cpp in Sources */,
				544F02FD24413F9600E6D776 /* Graph.cpp in Sources */,
				5481129C243F6C39000B036C /* longestincreasingsequence.cpp in Sources */,
				54811299243F6AFE000B036C /* knapsack.cpp in Sources */,
				544F0303244207B800E6D776 /* RBLtree.cpp in Sources */,
				544F02FA244120F000E6D776 /* dp12.cpp in Sources */,
			);
			runOnlyForDeploymentPostprocessing = 0;
		};
/* End PBXSourcesBuildPhase section */

/* Begin XCBuildConfiguration section */
		5481128F243EDA03000B036C /* Debug */ = {
			isa = XCBuildConfiguration;
			buildSettings = {
				ALWAYS_SEARCH_USER_PATHS = NO;
				CLANG_ANALYZER_NONNULL = YES;
				CLANG_ANALYZER_NUMBER_OBJECT_CONVERSION = YES_AGGRESSIVE;
				CLANG_CXX_LANGUAGE_STANDARD = "gnu++14";
				CLANG_CXX_LIBRARY = "libc++";
				CLANG_ENABLE_MODULES = YES;
				CLANG_ENABLE_OBJC_ARC = YES;
				CLANG_ENABLE_OBJC_WEAK = YES;
				CLANG_WARN_BLOCK_CAPTURE_AUTORELEASING = YES;
				CLANG_WARN_BOOL_CONVERSION = YES;
				CLANG_WARN_COMMA = YES;
				CLANG_WARN_CONSTANT_CONVERSION = YES;
				CLANG_WARN_DEPRECATED_OBJC_IMPLEMENTATIONS = YES;
				CLANG_WARN_DIRECT_OBJC_ISA_USAGE = YES_ERROR;
				CLANG_WARN_DOCUMENTATION_COMMENTS = YES;
				CLANG_WARN_EMPTY_BODY = YES;
				CLANG_WARN_ENUM_CONVERSION = YES;
				CLANG_WARN_INFINITE_RECURSION = YES;
				CLANG_WARN_INT_CONVERSION = YES;
				CLANG_WARN_NON_LITERAL_NULL_CONVERSION = YES;
				CLANG_WARN_OBJC_IMPLICIT_RETAIN_SELF = YES;
				CLANG_WARN_OBJC_LITERAL_CONVERSION = YES;
				CLANG_WARN_OBJC_ROOT_CLASS = YES_ERROR;
				CLANG_WARN_RANGE_LOOP_ANALYSIS = YES;
				CLANG_WARN_STRICT_PROTOTYPES = YES;
				CLANG_WARN_SUSPICIOUS_MOVE = YES;
				CLANG_WARN_UNGUARDED_AVAILABILITY = YES_AGGRESSIVE;
				CLANG_WARN_UNREACHABLE_CODE = YES;
				CLANG_WARN__DUPLICATE_METHOD_MATCH = YES;
				COPY_PHASE_STRIP = NO;
				DEBUG_INFORMATION_FORMAT = dwarf;
				ENABLE_STRICT_OBJC_MSGSEND = YES;
				ENABLE_TESTABILITY = YES;
				GCC_C_LANGUAGE_STANDARD = gnu11;
				GCC_DYNAMIC_NO_PIC = NO;
				GCC_NO_COMMON_BLOCKS = YES;
				GCC_OPTIMIZATION_LEVEL = 0;
				GCC_PREPROCESSOR_DEFINITIONS = (
					"DEBUG=1",
					"$(inherited)",
				);
				GCC_WARN_64_TO_32_BIT_CONVERSION = YES;
				GCC_WARN_ABOUT_RETURN_TYPE = YES_ERROR;
				GCC_WARN_UNDECLARED_SELECTOR = YES;
				GCC_WARN_UNINITIALIZED_AUTOS = YES_AGGRESSIVE;
				GCC_WARN_UNUSED_FUNCTION = YES;
				GCC_WARN_UNUSED_VARIABLE = YES;
				MACOSX_DEPLOYMENT_TARGET = 10.15;
				MTL_ENABLE_DEBUG_INFO = INCLUDE_SOURCE;
				MTL_FAST_MATH = YES;
				ONLY_ACTIVE_ARCH = YES;
				SDKROOT = macosx;
			};
			name = Debug;
		};
		54811290243EDA03000B036C /* Release */ = {
			isa = XCBuildConfiguration;
			buildSettings = {
				ALWAYS_SEARCH_USER_PATHS = NO;
				CLANG_ANALYZER_NONNULL = YES;
				CLANG_ANALYZER_NUMBER_OBJECT_CONVERSION = YES_AGGRESSIVE;
				CLANG_CXX_LANGUAGE_STANDARD = "gnu++14";
				CLANG_CXX_LIBRARY = "libc++";
				CLANG_ENABLE_MODULES = YES;
				CLANG_ENABLE_OBJC_ARC = YES;
				CLANG_ENABLE_OBJC_WEAK = YES;
				CLANG_WARN_BLOCK_CAPTURE_AUTORELEASING = YES;
				CLANG_WARN_BOOL_CONVERSION = YES;
				CLANG_WARN_COMMA = YES;
				CLANG_WARN_CONSTANT_CONVERSION = YES;
				CLANG_WARN_DEPRECATED_OBJC_IMPLEMENTATIONS = YES;
				CLANG_WARN_DIRECT_OBJC_ISA_USAGE = YES_ERROR;
				CLANG_WARN_DOCUMENTATION_COMMENTS = YES;
				CLANG_WARN_EMPTY_BODY = YES;
				CLANG_WARN_ENUM_CONVERSION = YES;
				CLANG_WARN_INFINITE_RECURSION = YES;
				CLANG_WARN_INT_CONVERSION = YES;
				CLANG_WARN_NON_LITERAL_NULL_CONVERSION = YES;
				CLANG_WARN_OBJC_IMPLICIT_RETAIN_SELF = YES;
				CLANG_WARN_OBJC_LITERAL_CONVERSION = YES;
				CLANG_WARN_OBJC_ROOT_CLASS = YES_ERROR;
				CLANG_WARN_RANGE_LOOP_ANALYSIS = YES;
				CLANG_WARN_STRICT_PROTOTYPES = YES;
				CLANG_WARN_SUSPICIOUS_MOVE = YES;
				CLANG_WARN_UNGUARDED_AVAILABILITY = YES_AGGRESSIVE;
				CLANG_WARN_UNREACHABLE_CODE = YES;
				CLANG_WARN__DUPLICATE_METHOD_MATCH = YES;
				COPY_PHASE_STRIP = NO;
				DEBUG_INFORMATION_FORMAT = "dwarf-with-dsym";
				ENABLE_NS_ASSERTIONS = NO;
				ENABLE_STRICT_OBJC_MSGSEND = YES;
				GCC_C_LANGUAGE_STANDARD = gnu11;
				GCC_NO_COMMON_BLOCKS = YES;
				GCC_WARN_64_TO_32_BIT_CONVERSION = YES;
				GCC_WARN_ABOUT_RETURN_TYPE = YES_ERROR;
				GCC_WARN_UNDECLARED_SELECTOR = YES;
				GCC_WARN_UNINITIALIZED_AUTOS = YES_AGGRESSIVE;
				GCC_WARN_UNUSED_FUNCTION = YES;
				GCC_WARN_UNUSED_VARIABLE = YES;
				MACOSX_DEPLOYMENT_TARGET = 10.15;
				MTL_ENABLE_DEBUG_INFO = NO;
				MTL_FAST_MATH = YES;
				SDKROOT = macosx;
			};
			name = Release;
		};
		54811292243EDA03000B036C /* Debug */ = {
			isa = XCBuildConfiguration;
			buildSettings = {
				CODE_SIGN_STYLE = Automatic;
				PRODUCT_NAME = "$(TARGET_NAME)";
			};
			name = Debug;
		};
		54811293243EDA03000B036C /* Release */ = {
			isa = XCBuildConfiguration;
			buildSettings = {
				CODE_SIGN_STYLE = Automatic;
				PRODUCT_NAME = "$(TARGET_NAME)";
			};
			name = Release;
		};
/* End XCBuildConfiguration section */

/* Begin XCConfigurationList section */
		54811285243EDA03000B036C /* Build configuration list for PBXProject "CompetitiveProgramming" */ = {
			isa = XCConfigurationList;
			buildConfigurations = (
				5481128F243EDA03000B036C /* Debug */,
				54811290243EDA03000B036C /* Release */,
			);
			defaultConfigurationIsVisible = 0;
			defaultConfigurationName = Release;
		};
		54811291243EDA03000B036C /* Build configuration list for PBXNativeTarget "CompetitiveProgramming" */ = {
			isa = XCConfigurationList;
			buildConfigurations = (
				54811292243EDA03000B036C /* Debug */,
				54811293243EDA03000B036C /* Release */,
			);
			defaultConfigurationIsVisible = 0;
			defaultConfigurationName = Release;
		};
/* End XCConfigurationList section */
	};
	rootObject = 54811282243EDA03000B036C /* Project object */;
}
